
Microsoft Visual Studio Solution File, Format Version 12.00
# Visual Studio Version 17
VisualStudioVersion = 17.13.35818.85
MinimumVisualStudioVersion = 10.0.40219.1
Project("{FAE04EC0-301F-11D3-BF4B-00C04F79EFBC}") = "TestMiner", "TestMiner\TestMiner.csproj", "{871604A9-5CFD-42FF-B3CC-CFAF531175AF}"
EndProject
Project("{00D1A9C2-B5F0-4AF3-8072-F6C62B433612}") = "TestMiner.Database", "TestMiner.Database\TestMiner.Database.sqlproj", "{22761F4F-DD89-401D-9C2F-5F0037C5168C}"
EndProject
Project("{FAE04EC0-301F-11D3-BF4B-00C04F79EFBC}") = "TestMiner.Models", "TestMiner.Models\TestMiner.Models.csproj", "{697CD498-87CA-487C-95CF-04EA0FB3C4EA}"
EndProject
Project("{2150E333-8FDC-42A3-9474-1A3956D46DE8}") = "Solution Items", "Solution Items", "{02EA681E-C7D8-13C7-8484-4AC65E1B71E8}"
	ProjectSection(SolutionItems) = preProject
		.editorconfig = .editorconfig
	EndProjectSection
EndProject
Project("{FAE04EC0-301F-11D3-BF4B-00C04F79EFBC}") = "TestMiner.Tests", "TestMiner.Tests\TestMiner.Tests.csproj", "{7F716347-8BEF-44CD-B8BA-0B189D373CDC}"
EndProject
Project("{FAE04EC0-301F-11D3-BF4B-00C04F79EFBC}") = "TestMiner.TestReports", "TestMiner.TestReports\TestMiner.TestReports.csproj", "{18EB2D6F-F959-4A19-86B8-AD06E7609DC9}"
EndProject
Project("{FAE04EC0-301F-11D3-BF4B-00C04F79EFBC}") = "TestMiner.Models.Tests", "TestMiner.Models.Tests\TestMiner.Models.Tests.csproj", "{BB5B7FC5-7DCC-4ABE-8FE2-A01935D2076B}"
EndProject
Project("{FAE04EC0-301F-11D3-BF4B-00C04F79EFBC}") = "TestMiner.Database.ComponentTests", "TestMiner.Database.ComponentTests\TestMiner.Database.ComponentTests.csproj", "{5976F7F6-CD7E-4808-AED5-49406F5C0082}"
EndProject
Global
	GlobalSection(SolutionConfigurationPlatforms) = preSolution
		Debug|Any CPU = Debug|Any CPU
		GitHub|Any CPU = GitHub|Any CPU
		Release|Any CPU = Release|Any CPU
	EndGlobalSection
	GlobalSection(ProjectConfigurationPlatforms) = postSolution
		{871604A9-5CFD-42FF-B3CC-CFAF531175AF}.Debug|Any CPU.ActiveCfg = Debug|Any CPU
		{871604A9-5CFD-42FF-B3CC-CFAF531175AF}.Debug|Any CPU.Build.0 = Debug|Any CPU
		{871604A9-5CFD-42FF-B3CC-CFAF531175AF}.GitHub|Any CPU.ActiveCfg = GitHub|Any CPU
		{871604A9-5CFD-42FF-B3CC-CFAF531175AF}.GitHub|Any CPU.Build.0 = GitHub|Any CPU
		{871604A9-5CFD-42FF-B3CC-CFAF531175AF}.Release|Any CPU.ActiveCfg = Release|Any CPU
		{871604A9-5CFD-42FF-B3CC-CFAF531175AF}.Release|Any CPU.Build.0 = Release|Any CPU
		{22761F4F-DD89-401D-9C2F-5F0037C5168C}.Debug|Any CPU.ActiveCfg = Debug|Any CPU
		{22761F4F-DD89-401D-9C2F-5F0037C5168C}.Debug|Any CPU.Build.0 = Debug|Any CPU
		{22761F4F-DD89-401D-9C2F-5F0037C5168C}.Debug|Any CPU.Deploy.0 = Debug|Any CPU
		{22761F4F-DD89-401D-9C2F-5F0037C5168C}.GitHub|Any CPU.ActiveCfg = GitHub|Any CPU
		{22761F4F-DD89-401D-9C2F-5F0037C5168C}.GitHub|Any CPU.Deploy.0 = GitHub|Any CPU
		{22761F4F-DD89-401D-9C2F-5F0037C5168C}.Release|Any CPU.ActiveCfg = Release|Any CPU
		{22761F4F-DD89-401D-9C2F-5F0037C5168C}.Release|Any CPU.Build.0 = Release|Any CPU
		{22761F4F-DD89-401D-9C2F-5F0037C5168C}.Release|Any CPU.Deploy.0 = Release|Any CPU
		{697CD498-87CA-487C-95CF-04EA0FB3C4EA}.Debug|Any CPU.ActiveCfg = Debug|Any CPU
		{697CD498-87CA-487C-95CF-04EA0FB3C4EA}.Debug|Any CPU.Build.0 = Debug|Any CPU
		{697CD498-87CA-487C-95CF-04EA0FB3C4EA}.GitHub|Any CPU.ActiveCfg = GitHub|Any CPU
		{697CD498-87CA-487C-95CF-04EA0FB3C4EA}.GitHub|Any CPU.Build.0 = GitHub|Any CPU
		{697CD498-87CA-487C-95CF-04EA0FB3C4EA}.Release|Any CPU.ActiveCfg = Release|Any CPU
		{697CD498-87CA-487C-95CF-04EA0FB3C4EA}.Release|Any CPU.Build.0 = Release|Any CPU
		{7F716347-8BEF-44CD-B8BA-0B189D373CDC}.Debug|Any CPU.ActiveCfg = Debug|Any CPU
		{7F716347-8BEF-44CD-B8BA-0B189D373CDC}.Debug|Any CPU.Build.0 = Debug|Any CPU
		{7F716347-8BEF-44CD-B8BA-0B189D373CDC}.GitHub|Any CPU.ActiveCfg = GitHub|Any CPU
		{7F716347-8BEF-44CD-B8BA-0B189D373CDC}.GitHub|Any CPU.Build.0 = GitHub|Any CPU
		{7F716347-8BEF-44CD-B8BA-0B189D373CDC}.Release|Any CPU.ActiveCfg = Release|Any CPU
		{7F716347-8BEF-44CD-B8BA-0B189D373CDC}.Release|Any CPU.Build.0 = Release|Any CPU
		{18EB2D6F-F959-4A19-86B8-AD06E7609DC9}.Debug|Any CPU.ActiveCfg = Debug|Any CPU
		{18EB2D6F-F959-4A19-86B8-AD06E7609DC9}.Debug|Any CPU.Build.0 = Debug|Any CPU
		{18EB2D6F-F959-4A19-86B8-AD06E7609DC9}.GitHub|Any CPU.ActiveCfg = GitHub|Any CPU
		{18EB2D6F-F959-4A19-86B8-AD06E7609DC9}.GitHub|Any CPU.Build.0 = GitHub|Any CPU
		{18EB2D6F-F959-4A19-86B8-AD06E7609DC9}.Release|Any CPU.ActiveCfg = Release|Any CPU
		{18EB2D6F-F959-4A19-86B8-AD06E7609DC9}.Release|Any CPU.Build.0 = Release|Any CPU
		{BB5B7FC5-7DCC-4ABE-8FE2-A01935D2076B}.Debug|Any CPU.ActiveCfg = Debug|Any CPU
		{BB5B7FC5-7DCC-4ABE-8FE2-A01935D2076B}.Debug|Any CPU.Build.0 = Debug|Any CPU
		{BB5B7FC5-7DCC-4ABE-8FE2-A01935D2076B}.GitHub|Any CPU.ActiveCfg = GitHub|Any CPU
		{BB5B7FC5-7DCC-4ABE-8FE2-A01935D2076B}.GitHub|Any CPU.Build.0 = GitHub|Any CPU
		{BB5B7FC5-7DCC-4ABE-8FE2-A01935D2076B}.Release|Any CPU.ActiveCfg = Release|Any CPU
		{BB5B7FC5-7DCC-4ABE-8FE2-A01935D2076B}.Release|Any CPU.Build.0 = Release|Any CPU
		{5976F7F6-CD7E-4808-AED5-49406F5C0082}.Debug|Any CPU.ActiveCfg = Debug|Any CPU
		{5976F7F6-CD7E-4808-AED5-49406F5C0082}.Debug|Any CPU.Build.0 = Debug|Any CPU
		{5976F7F6-CD7E-4808-AED5-49406F5C0082}.GitHub|Any CPU.ActiveCfg = GitHub|Any CPU
		{5976F7F6-CD7E-4808-AED5-49406F5C0082}.GitHub|Any CPU.Build.0 = GitHub|Any CPU
		{5976F7F6-CD7E-4808-AED5-49406F5C0082}.Release|Any CPU.ActiveCfg = Release|Any CPU
		{5976F7F6-CD7E-4808-AED5-49406F5C0082}.Release|Any CPU.Build.0 = Release|Any CPU
	EndGlobalSection
	GlobalSection(SolutionProperties) = preSolution
		HideSolutionNode = FALSE
	EndGlobalSection
	GlobalSection(ExtensibilityGlobals) = postSolution
		SolutionGuid = {A7848031-35C2-4B72-8423-E3F2720DB5D6}
	EndGlobalSection
EndGlobal
